{
    "_readme": [
        "This file locks the dependencies of your project to a known state",
        "Read more about it at http://getcomposer.org/doc/01-basic-usage.md#composer-lock-the-lock-file"
    ],
    "hash": "785ca721c77469409d84794aa50a9c43",
    "packages": [
        {
            "name": "sabre/amf",
            "version": "dev-master",
            "source": {
                "type": "git",
                "url": "https://github.com/evert/SabreAMF.git",
                "reference": "dd35bc2181f5f380bcab5057d4f53901fa202d93"
            },
            "dist": {
                "type": "zip",
                "url": "https://api.github.com/repos/evert/SabreAMF/zipball/dd35bc2181f5f380bcab5057d4f53901fa202d93",
                "reference": "dd35bc2181f5f380bcab5057d4f53901fa202d93",
                "shasum": ""
            },
            "require": {
                "php": ">=5.2.1"
            },
            "require-dev": {
                "phing/phing": "*",
                "phpunit/phpunit": "*"
            },
            "type": "library",
            "autoload": {
                "psr-0": {
                    "SabreAMF": "lib/"
                }
            },
            "notification-url": "https://packagist.org/downloads/",
            "license": [
                "BSD-3-Clause"
            ],
            "authors": [
                {
                    "name": "Evert Pot",
                    "email": "evert@rooftopsolutions.nl",
                    "homepage": "http://evertpot.com/",
                    "role": "Developer"
                }
            ],
            "description": "SabreAMF is a Flash Remoting server and client for PHP",
            "homepage": "http://code.google.com/p/sabreamf/",
            "keywords": [
                "AMF0",
                "AMF3",
                "ActionScript",
                "Remoting",
                "amf",
                "flash"
            ],
            "time": "2013-08-11 01:48:02"
        }
    ],
    "packages-dev": [

    ],
    "aliases": [

    ],
    "minimum-stability": "stable",
    "stability-flags": {
        "sabre/amf": 20
    },
    "platform": {
        "php": ">=5.0.0"
    },
    "platform-dev": [

    ]
}
